
Microsoft Visual Studio Solution File, Format Version 12.00
# Visual Studio 15
VisualStudioVersion = 15.0.27428.2005
MinimumVisualStudioVersion = 10.0.40219.1
Project("{FAE04EC0-301F-11D3-BF4B-00C04F79EFBC}") = "EjemploSingleton", "EjemploSingleton\EjemploSingleton.csproj", "{E6275B8E-6357-40D8-9DA5-2E4C82D0FFDA}"
EndProject
Global
	GlobalSection(SolutionConfigurationPlatforms) = preSolution
		Debug|Any CPU = Debug|Any CPU
		Release|Any CPU = Release|Any CPU
	EndGlobalSection
	GlobalSection(ProjectConfigurationPlatforms) = postSolution
		{E6275B8E-6357-40D8-9DA5-2E4C82D0FFDA}.Debug|Any CPU.ActiveCfg = Debug|Any CPU
		{E6275B8E-6357-40D8-9DA5-2E4C82D0FFDA}.Debug|Any CPU.Build.0 = Debug|Any CPU
		{E6275B8E-6357-40D8-9DA5-2E4C82D0FFDA}.Release|Any CPU.ActiveCfg = Release|Any CPU
		{E6275B8E-6357-40D8-9DA5-2E4C82D0FFDA}.Release|Any CPU.Build.0 = Release|Any CPU
	EndGlobalSection
	GlobalSection(SolutionProperties) = preSolution
		HideSolutionNode = FALSE
	EndGlobalSection
	GlobalSection(ExtensibilityGlobals) = postSolution
		SolutionGuid = {24B082A1-5A93-4A2F-9CEA-00471D962716}
	EndGlobalSection
EndGlobal
